
Microsoft Visual Studio Solution File, Format Version 12.00
# Visual Studio Version 16
VisualStudioVersion = 16.0.30503.244
MinimumVisualStudioVersion = 10.0.40219.1
Project("{FAE04EC0-301F-11D3-BF4B-00C04F79EFBC}") = "WinCalculaotr", "WinCalculaotr\WinCalculaotr.csproj", "{456F5D07-4C67-49EF-ADC8-4B91B99E23BC}"
EndProject
Global
	GlobalSection(SolutionConfigurationPlatforms) = preSolution
		Debug|Any CPU = Debug|Any CPU
		Release|Any CPU = Release|Any CPU
	EndGlobalSection
	GlobalSection(ProjectConfigurationPlatforms) = postSolution
		{456F5D07-4C67-49EF-ADC8-4B91B99E23BC}.Debug|Any CPU.ActiveCfg = Debug|Any CPU
		{456F5D07-4C67-49EF-ADC8-4B91B99E23BC}.Debug|Any CPU.Build.0 = Debug|Any CPU
		{456F5D07-4C67-49EF-ADC8-4B91B99E23BC}.Release|Any CPU.ActiveCfg = Release|Any CPU
		{456F5D07-4C67-49EF-ADC8-4B91B99E23BC}.Release|Any CPU.Build.0 = Release|Any CPU
	EndGlobalSection
	GlobalSection(SolutionProperties) = preSolution
		HideSolutionNode = FALSE
	EndGlobalSection
	GlobalSection(ExtensibilityGlobals) = postSolution
		SolutionGuid = {AE0C505F-2499-4B01-9F97-E8267314EE77}
	EndGlobalSection
EndGlobal
